// !$*UTF8*$!
{
	archiveVersion = 1;
	classes = {
	};
	objectVersion = 56;
	objects = {

/* Begin PBXBuildFile section */
		E15B08E52994634800D9A09F /* LinkItemDetailView.swift in Sources */ = {isa = PBXBuildFile; fileRef = E15B08E42994634800D9A09F /* LinkItemDetailView.swift */; };
		E17B65D82991F9040081E228 /* AppDelegate.swift in Sources */ = {isa = PBXBuildFile; fileRef = E17B65D72991F9040081E228 /* AppDelegate.swift */; };
		E17B65DA2991F9040081E228 /* SceneDelegate.swift in Sources */ = {isa = PBXBuildFile; fileRef = E17B65D92991F9040081E228 /* SceneDelegate.swift */; };
		E17B65E12991F9060081E228 /* Assets.xcassets in Resources */ = {isa = PBXBuildFile; fileRef = E17B65E02991F9060081E228 /* Assets.xcassets */; };
		E17B65E42991F9060081E228 /* LaunchScreen.storyboard in Resources */ = {isa = PBXBuildFile; fileRef = E17B65E22991F9060081E228 /* LaunchScreen.storyboard */; };
		E1A22D1229944CD400719812 /* ArgyleSDK.framework in Frameworks */ = {isa = PBXBuildFile; fileRef = E1A22D0A29944CD400719812 /* ArgyleSDK.framework */; };
		E1A22D1A29944CD400719812 /* ArgyleSDK.h in Headers */ = {isa = PBXBuildFile; fileRef = E1A22D0C29944CD400719812 /* ArgyleSDK.h */; settings = {ATTRIBUTES = (Public, ); }; };
		E1A22D1D29944CD400719812 /* ArgyleSDK.framework in Frameworks */ = {isa = PBXBuildFile; fileRef = E1A22D0A29944CD400719812 /* ArgyleSDK.framework */; };
		E1A22D1E29944CD400719812 /* ArgyleSDK.framework in Embed Frameworks */ = {isa = PBXBuildFile; fileRef = E1A22D0A29944CD400719812 /* ArgyleSDK.framework */; settings = {ATTRIBUTES = (CodeSignOnCopy, RemoveHeadersOnCopy, ); }; };
		E1A22D2629944D3F00719812 /* ReusableView.swift in Sources */ = {isa = PBXBuildFile; fileRef = E1A22CD3299408D000719812 /* ReusableView.swift */; };
		E1A22D2729944D3F00719812 /* AutoLayoutBuilder.swift in Sources */ = {isa = PBXBuildFile; fileRef = E1A22CD82994151400719812 /* AutoLayoutBuilder.swift */; };
		E1A22D2829944D4400719812 /* SearchLinkItemsRequest.swift in Sources */ = {isa = PBXBuildFile; fileRef = E1A830E529930EF5005E81DE /* SearchLinkItemsRequest.swift */; };
		E1A22D2929944D4400719812 /* ImageRequest.swift in Sources */ = {isa = PBXBuildFile; fileRef = E1A22CCF2993FE3000719812 /* ImageRequest.swift */; };
		E1A22D2A29944D4400719812 /* DataRequest.swift in Sources */ = {isa = PBXBuildFile; fileRef = E1A830DE2992FB29005E81DE /* DataRequest.swift */; };
		E1A22D2B29944D4400719812 /* NetworkService.swift in Sources */ = {isa = PBXBuildFile; fileRef = E1A830E22993043D005E81DE /* NetworkService.swift */; };
		E1A22D2C29944D4B00719812 /* SearchViewModel.swift in Sources */ = {isa = PBXBuildFile; fileRef = E1A830DA2992CE19005E81DE /* SearchViewModel.swift */; };
		E1A22D2D29944D4B00719812 /* LinkItemCell.swift in Sources */ = {isa = PBXBuildFile; fileRef = E1A22CD12994067C00719812 /* LinkItemCell.swift */; };
		E1A22D2E29944D4B00719812 /* SearchViewController.swift in Sources */ = {isa = PBXBuildFile; fileRef = E17B65DB2991F9040081E228 /* SearchViewController.swift */; };
		E1A22D2F29944D4F00719812 /* LinkItem.swift in Sources */ = {isa = PBXBuildFile; fileRef = E1A830DC2992DBD9005E81DE /* LinkItem.swift */; };
		E1A22D3029944D7A00719812 /* SearchViewModelUnitTests.swift in Sources */ = {isa = PBXBuildFile; fileRef = E1A22CDA29942B0600719812 /* SearchViewModelUnitTests.swift */; };
		E1A22D3229944DA900719812 /* Argyle.swift in Sources */ = {isa = PBXBuildFile; fileRef = E1A22D3129944DA900719812 /* Argyle.swift */; };
/* End PBXBuildFile section */

/* Begin PBXContainerItemProxy section */
		E1A22D1329944CD400719812 /* PBXContainerItemProxy */ = {
			isa = PBXContainerItemProxy;
			containerPortal = E17B65CC2991F9040081E228 /* Project object */;
			proxyType = 1;
			remoteGlobalIDString = E1A22D0929944CD400719812;
			remoteInfo = ArgyleSDK;
		};
		E1A22D1529944CD400719812 /* PBXContainerItemProxy */ = {
			isa = PBXContainerItemProxy;
			containerPortal = E17B65CC2991F9040081E228 /* Project object */;
			proxyType = 1;
			remoteGlobalIDString = E17B65D32991F9040081E228;
			remoteInfo = Argyle;
		};
		E1A22D1B29944CD400719812 /* PBXContainerItemProxy */ = {
			isa = PBXContainerItemProxy;
			containerPortal = E17B65CC2991F9040081E228 /* Project object */;
			proxyType = 1;
			remoteGlobalIDString = E1A22D0929944CD400719812;
			remoteInfo = ArgyleSDK;
		};
/* End PBXContainerItemProxy section */

/* Begin PBXCopyFilesBuildPhase section */
		E1A22D1F29944CD400719812 /* Embed Frameworks */ = {
			isa = PBXCopyFilesBuildPhase;
			buildActionMask = 2147483647;
			dstPath = "";
			dstSubfolderSpec = 10;
			files = (
				E1A22D1E29944CD400719812 /* ArgyleSDK.framework in Embed Frameworks */,
			);
			name = "Embed Frameworks";
			runOnlyForDeploymentPostprocessing = 0;
		};
/* End PBXCopyFilesBuildPhase section */

/* Begin PBXFileReference section */
		E15B08E42994634800D9A09F /* LinkItemDetailView.swift */ = {isa = PBXFileReference; lastKnownFileType = sourcecode.swift; path = LinkItemDetailView.swift; sourceTree = "<group>"; };
		E17B65D42991F9040081E228 /* Argyle.app */ = {isa = PBXFileReference; explicitFileType = wrapper.application; includeInIndex = 0; path = Argyle.app; sourceTree = BUILT_PRODUCTS_DIR; };
		E17B65D72991F9040081E228 /* AppDelegate.swift */ = {isa = PBXFileReference; lastKnownFileType = sourcecode.swift; path = AppDelegate.swift; sourceTree = "<group>"; };
		E17B65D92991F9040081E228 /* SceneDelegate.swift */ = {isa = PBXFileReference; lastKnownFileType = sourcecode.swift; path = SceneDelegate.swift; sourceTree = "<group>"; };
		E17B65DB2991F9040081E228 /* SearchViewController.swift */ = {isa = PBXFileReference; lastKnownFileType = sourcecode.swift; path = SearchViewController.swift; sourceTree = "<group>"; };
		E17B65E02991F9060081E228 /* Assets.xcassets */ = {isa = PBXFileReference; lastKnownFileType = folder.assetcatalog; path = Assets.xcassets; sourceTree = "<group>"; };
		E17B65E32991F9060081E228 /* Base */ = {isa = PBXFileReference; lastKnownFileType = file.storyboard; name = Base; path = Base.lproj/LaunchScreen.storyboard; sourceTree = "<group>"; };
		E17B65E52991F9060081E228 /* Info.plist */ = {isa = PBXFileReference; lastKnownFileType = text.plist.xml; path = Info.plist; sourceTree = "<group>"; };
		E1A22CCF2993FE3000719812 /* ImageRequest.swift */ = {isa = PBXFileReference; lastKnownFileType = sourcecode.swift; path = ImageRequest.swift; sourceTree = "<group>"; };
		E1A22CD12994067C00719812 /* LinkItemCell.swift */ = {isa = PBXFileReference; lastKnownFileType = sourcecode.swift; path = LinkItemCell.swift; sourceTree = "<group>"; };
		E1A22CD3299408D000719812 /* ReusableView.swift */ = {isa = PBXFileReference; lastKnownFileType = sourcecode.swift; path = ReusableView.swift; sourceTree = "<group>"; };
		E1A22CD82994151400719812 /* AutoLayoutBuilder.swift */ = {isa = PBXFileReference; lastKnownFileType = sourcecode.swift; path = AutoLayoutBuilder.swift; sourceTree = "<group>"; };
		E1A22CDA29942B0600719812 /* SearchViewModelUnitTests.swift */ = {isa = PBXFileReference; lastKnownFileType = sourcecode.swift; path = SearchViewModelUnitTests.swift; sourceTree = "<group>"; };
		E1A22D0A29944CD400719812 /* ArgyleSDK.framework */ = {isa = PBXFileReference; explicitFileType = wrapper.framework; includeInIndex = 0; path = ArgyleSDK.framework; sourceTree = BUILT_PRODUCTS_DIR; };
		E1A22D0C29944CD400719812 /* ArgyleSDK.h */ = {isa = PBXFileReference; lastKnownFileType = sourcecode.c.h; path = ArgyleSDK.h; sourceTree = "<group>"; };
		E1A22D1129944CD400719812 /* ArgyleSDKTests.xctest */ = {isa = PBXFileReference; explicitFileType = wrapper.cfbundle; includeInIndex = 0; path = ArgyleSDKTests.xctest; sourceTree = BUILT_PRODUCTS_DIR; };
		E1A22D3129944DA900719812 /* Argyle.swift */ = {isa = PBXFileReference; lastKnownFileType = sourcecode.swift; path = Argyle.swift; sourceTree = "<group>"; };
		E1A830DA2992CE19005E81DE /* SearchViewModel.swift */ = {isa = PBXFileReference; lastKnownFileType = sourcecode.swift; path = SearchViewModel.swift; sourceTree = "<group>"; };
		E1A830DC2992DBD9005E81DE /* LinkItem.swift */ = {isa = PBXFileReference; lastKnownFileType = sourcecode.swift; path = LinkItem.swift; sourceTree = "<group>"; };
		E1A830DE2992FB29005E81DE /* DataRequest.swift */ = {isa = PBXFileReference; lastKnownFileType = sourcecode.swift; path = DataRequest.swift; sourceTree = "<group>"; };
		E1A830E22993043D005E81DE /* NetworkService.swift */ = {isa = PBXFileReference; lastKnownFileType = sourcecode.swift; path = NetworkService.swift; sourceTree = "<group>"; };
		E1A830E529930EF5005E81DE /* SearchLinkItemsRequest.swift */ = {isa = PBXFileReference; lastKnownFileType = sourcecode.swift; path = SearchLinkItemsRequest.swift; sourceTree = "<group>"; };
/* End PBXFileReference section */

/* Begin PBXFrameworksBuildPhase section */
		E17B65D12991F9040081E228 /* Frameworks */ = {
			isa = PBXFrameworksBuildPhase;
			buildActionMask = 2147483647;
			files = (
				E1A22D1D29944CD400719812 /* ArgyleSDK.framework in Frameworks */,
			);
			runOnlyForDeploymentPostprocessing = 0;
		};
		E1A22D0729944CD400719812 /* Frameworks */ = {
			isa = PBXFrameworksBuildPhase;
			buildActionMask = 2147483647;
			files = (
			);
			runOnlyForDeploymentPostprocessing = 0;
		};
		E1A22D0E29944CD400719812 /* Frameworks */ = {
			isa = PBXFrameworksBuildPhase;
			buildActionMask = 2147483647;
			files = (
				E1A22D1229944CD400719812 /* ArgyleSDK.framework in Frameworks */,
			);
			runOnlyForDeploymentPostprocessing = 0;
		};
/* End PBXFrameworksBuildPhase section */

/* Begin PBXGroup section */
		E15B08E32994632300D9A09F /* LinkItemDetail */ = {
			isa = PBXGroup;
			children = (
				E15B08E42994634800D9A09F /* LinkItemDetailView.swift */,
			);
			path = LinkItemDetail;
			sourceTree = "<group>";
		};
		E17B65CB2991F9040081E228 = {
			isa = PBXGroup;
			children = (
				E17B65D62991F9040081E228 /* Argyle */,
				E1A22D0B29944CD400719812 /* ArgyleSDK */,
				E1A22D1729944CD400719812 /* ArgyleSDKTests */,
				E17B65D52991F9040081E228 /* Products */,
			);
			sourceTree = "<group>";
		};
		E17B65D52991F9040081E228 /* Products */ = {
			isa = PBXGroup;
			children = (
				E17B65D42991F9040081E228 /* Argyle.app */,
				E1A22D0A29944CD400719812 /* ArgyleSDK.framework */,
				E1A22D1129944CD400719812 /* ArgyleSDKTests.xctest */,
			);
			name = Products;
			sourceTree = "<group>";
		};
		E17B65D62991F9040081E228 /* Argyle */ = {
			isa = PBXGroup;
			children = (
				E17B65D72991F9040081E228 /* AppDelegate.swift */,
				E17B65D92991F9040081E228 /* SceneDelegate.swift */,
				E17B65E02991F9060081E228 /* Assets.xcassets */,
				E17B65E22991F9060081E228 /* LaunchScreen.storyboard */,
				E17B65E52991F9060081E228 /* Info.plist */,
			);
			path = Argyle;
			sourceTree = "<group>";
		};
		E1A22CD52994091B00719812 /* Utils */ = {
			isa = PBXGroup;
			children = (
				E1A22CD3299408D000719812 /* ReusableView.swift */,
				E1A22CD82994151400719812 /* AutoLayoutBuilder.swift */,
			);
			path = Utils;
			sourceTree = "<group>";
		};
		E1A22CD62994097200719812 /* Search */ = {
			isa = PBXGroup;
			children = (
				E17B65DB2991F9040081E228 /* SearchViewController.swift */,
				E1A830DA2992CE19005E81DE /* SearchViewModel.swift */,
				E1A22CD12994067C00719812 /* LinkItemCell.swift */,
			);
			path = Search;
			sourceTree = "<group>";
		};
		E1A22CD72994098000719812 /* Model */ = {
			isa = PBXGroup;
			children = (
				E1A830DC2992DBD9005E81DE /* LinkItem.swift */,
			);
			path = Model;
			sourceTree = "<group>";
		};
		E1A22D0B29944CD400719812 /* ArgyleSDK */ = {
			isa = PBXGroup;
			children = (
				E1A22D0C29944CD400719812 /* ArgyleSDK.h */,
				E1A22CD52994091B00719812 /* Utils */,
				E1A830E429930C02005E81DE /* Network */,
				E1A22CD62994097200719812 /* Search */,
				E15B08E32994632300D9A09F /* LinkItemDetail */,
				E1A22CD72994098000719812 /* Model */,
				E1A22D3129944DA900719812 /* Argyle.swift */,
			);
			path = ArgyleSDK;
			sourceTree = "<group>";
		};
		E1A22D1729944CD400719812 /* ArgyleSDKTests */ = {
			isa = PBXGroup;
			children = (
				E1A22CDA29942B0600719812 /* SearchViewModelUnitTests.swift */,
			);
			path = ArgyleSDKTests;
			sourceTree = "<group>";
		};
		E1A830E429930C02005E81DE /* Network */ = {
			isa = PBXGroup;
			children = (
				E1A830DE2992FB29005E81DE /* DataRequest.swift */,
				E1A830E529930EF5005E81DE /* SearchLinkItemsRequest.swift */,
				E1A22CCF2993FE3000719812 /* ImageRequest.swift */,
				E1A830E22993043D005E81DE /* NetworkService.swift */,
			);
			path = Network;
			sourceTree = "<group>";
		};
/* End PBXGroup section */

/* Begin PBXHeadersBuildPhase section */
		E1A22D0529944CD400719812 /* Headers */ = {
			isa = PBXHeadersBuildPhase;
			buildActionMask = 2147483647;
			files = (
				E1A22D1A29944CD400719812 /* ArgyleSDK.h in Headers */,
			);
			runOnlyForDeploymentPostprocessing = 0;
		};
/* End PBXHeadersBuildPhase section */

/* Begin PBXNativeTarget section */
		E17B65D32991F9040081E228 /* Argyle */ = {
			isa = PBXNativeTarget;
			buildConfigurationList = E17B65FE2991F9060081E228 /* Build configuration list for PBXNativeTarget "Argyle" */;
			buildPhases = (
				E17B65D02991F9040081E228 /* Sources */,
				E17B65D12991F9040081E228 /* Frameworks */,
				E17B65D22991F9040081E228 /* Resources */,
				E1A22D1F29944CD400719812 /* Embed Frameworks */,
			);
			buildRules = (
			);
			dependencies = (
				E1A22D1C29944CD400719812 /* PBXTargetDependency */,
			);
			name = Argyle;
			productName = Argyle;
			productReference = E17B65D42991F9040081E228 /* Argyle.app */;
			productType = "com.apple.product-type.application";
		};
		E1A22D0929944CD400719812 /* ArgyleSDK */ = {
			isa = PBXNativeTarget;
			buildConfigurationList = E1A22D2429944CD400719812 /* Build configuration list for PBXNativeTarget "ArgyleSDK" */;
			buildPhases = (
				E1A22D0529944CD400719812 /* Headers */,
				E1A22D0629944CD400719812 /* Sources */,
				E1A22D0729944CD400719812 /* Frameworks */,
				E1A22D0829944CD400719812 /* Resources */,
			);
			buildRules = (
			);
			dependencies = (
			);
			name = ArgyleSDK;
			productName = ArgyleSDK;
			productReference = E1A22D0A29944CD400719812 /* ArgyleSDK.framework */;
			productType = "com.apple.product-type.framework";
		};
		E1A22D1029944CD400719812 /* ArgyleSDKTests */ = {
			isa = PBXNativeTarget;
			buildConfigurationList = E1A22D2529944CD400719812 /* Build configuration list for PBXNativeTarget "ArgyleSDKTests" */;
			buildPhases = (
				E1A22D0D29944CD400719812 /* Sources */,
				E1A22D0E29944CD400719812 /* Frameworks */,
				E1A22D0F29944CD400719812 /* Resources */,
			);
			buildRules = (
			);
			dependencies = (
				E1A22D1429944CD400719812 /* PBXTargetDependency */,
				E1A22D1629944CD400719812 /* PBXTargetDependency */,
			);
			name = ArgyleSDKTests;
			productName = ArgyleSDKTests;
			productReference = E1A22D1129944CD400719812 /* ArgyleSDKTests.xctest */;
			productType = "com.apple.product-type.bundle.unit-test";
		};
/* End PBXNativeTarget section */

/* Begin PBXProject section */
		E17B65CC2991F9040081E228 /* Project object */ = {
			isa = PBXProject;
			attributes = {
				BuildIndependentTargetsInParallel = 1;
				LastSwiftUpdateCheck = 1420;
				LastUpgradeCheck = 1420;
				TargetAttributes = {
					E17B65D32991F9040081E228 = {
						CreatedOnToolsVersion = 14.2;
					};
					E1A22D0929944CD400719812 = {
						CreatedOnToolsVersion = 14.2;
					};
					E1A22D1029944CD400719812 = {
						CreatedOnToolsVersion = 14.2;
						TestTargetID = E17B65D32991F9040081E228;
					};
				};
			};
			buildConfigurationList = E17B65CF2991F9040081E228 /* Build configuration list for PBXProject "Argyle" */;
			compatibilityVersion = "Xcode 14.0";
			developmentRegion = en;
			hasScannedForEncodings = 0;
			knownRegions = (
				en,
				Base,
			);
			mainGroup = E17B65CB2991F9040081E228;
			productRefGroup = E17B65D52991F9040081E228 /* Products */;
			projectDirPath = "";
			projectRoot = "";
			targets = (
				E17B65D32991F9040081E228 /* Argyle */,
				E1A22D0929944CD400719812 /* ArgyleSDK */,
				E1A22D1029944CD400719812 /* ArgyleSDKTests */,
			);
		};
/* End PBXProject section */

/* Begin PBXResourcesBuildPhase section */
		E17B65D22991F9040081E228 /* Resources */ = {
			isa = PBXResourcesBuildPhase;
			buildActionMask = 2147483647;
			files = (
				E17B65E42991F9060081E228 /* LaunchScreen.storyboard in Resources */,
				E17B65E12991F9060081E228 /* Assets.xcassets in Resources */,
			);
			runOnlyForDeploymentPostprocessing = 0;
		};
		E1A22D0829944CD400719812 /* Resources */ = {
			isa = PBXResourcesBuildPhase;
			buildActionMask = 2147483647;
			files = (
			);
			runOnlyForDeploymentPostprocessing = 0;
		};
		E1A22D0F29944CD400719812 /* Resources */ = {
			isa = PBXResourcesBuildPhase;
			buildActionMask = 2147483647;
			files = (
			);
			runOnlyForDeploymentPostprocessing = 0;
		};
/* End PBXResourcesBuildPhase section */

/* Begin PBXSourcesBuildPhase section */
		E17B65D02991F9040081E228 /* Sources */ = {
			isa = PBXSourcesBuildPhase;
			buildActionMask = 2147483647;
			files = (
				E17B65D82991F9040081E228 /* AppDelegate.swift in Sources */,
				E17B65DA2991F9040081E228 /* SceneDelegate.swift in Sources */,
			);
			runOnlyForDeploymentPostprocessing = 0;
		};
		E1A22D0629944CD400719812 /* Sources */ = {
			isa = PBXSourcesBuildPhase;
			buildActionMask = 2147483647;
			files = (
				E1A22D2729944D3F00719812 /* AutoLayoutBuilder.swift in Sources */,
				E1A22D2C29944D4B00719812 /* SearchViewModel.swift in Sources */,
				E1A22D2D29944D4B00719812 /* LinkItemCell.swift in Sources */,
				E1A22D3229944DA900719812 /* Argyle.swift in Sources */,
				E1A22D2E29944D4B00719812 /* SearchViewController.swift in Sources */,
				E1A22D2A29944D4400719812 /* DataRequest.swift in Sources */,
				E15B08E52994634800D9A09F /* LinkItemDetailView.swift in Sources */,
				E1A22D2929944D4400719812 /* ImageRequest.swift in Sources */,
				E1A22D2829944D4400719812 /* SearchLinkItemsRequest.swift in Sources */,
				E1A22D2B29944D4400719812 /* NetworkService.swift in Sources */,
				E1A22D2F29944D4F00719812 /* LinkItem.swift in Sources */,
				E1A22D2629944D3F00719812 /* ReusableView.swift in Sources */,
			);
			runOnlyForDeploymentPostprocessing = 0;
		};
		E1A22D0D29944CD400719812 /* Sources */ = {
			isa = PBXSourcesBuildPhase;
			buildActionMask = 2147483647;
			files = (
				E1A22D3029944D7A00719812 /* SearchViewModelUnitTests.swift in Sources */,
			);
			runOnlyForDeploymentPostprocessing = 0;
		};
/* End PBXSourcesBuildPhase section */

/* Begin PBXTargetDependency section */
		E1A22D1429944CD400719812 /* PBXTargetDependency */ = {
			isa = PBXTargetDependency;
			target = E1A22D0929944CD400719812 /* ArgyleSDK */;
			targetProxy = E1A22D1329944CD400719812 /* PBXContainerItemProxy */;
		};
		E1A22D1629944CD400719812 /* PBXTargetDependency */ = {
			isa = PBXTargetDependency;
			target = E17B65D32991F9040081E228 /* Argyle */;
			targetProxy = E1A22D1529944CD400719812 /* PBXContainerItemProxy */;
		};
		E1A22D1C29944CD400719812 /* PBXTargetDependency */ = {
			isa = PBXTargetDependency;
			target = E1A22D0929944CD400719812 /* ArgyleSDK */;
			targetProxy = E1A22D1B29944CD400719812 /* PBXContainerItemProxy */;
		};
/* End PBXTargetDependency section */

/* Begin PBXVariantGroup section */
		E17B65E22991F9060081E228 /* LaunchScreen.storyboard */ = {
			isa = PBXVariantGroup;
			children = (
				E17B65E32991F9060081E228 /* Base */,
			);
			name = LaunchScreen.storyboard;
			sourceTree = "<group>";
		};
/* End PBXVariantGroup section */

/* Begin XCBuildConfiguration section */
		E17B65FC2991F9060081E228 /* Debug */ = {
			isa = XCBuildConfiguration;
			buildSettings = {
				ALWAYS_SEARCH_USER_PATHS = NO;
				CLANG_ANALYZER_NONNULL = YES;
				CLANG_ANALYZER_NUMBER_OBJECT_CONVERSION = YES_AGGRESSIVE;
				CLANG_CXX_LANGUAGE_STANDARD = "gnu++20";
				CLANG_ENABLE_MODULES = YES;
				CLANG_ENABLE_OBJC_ARC = YES;
				CLANG_ENABLE_OBJC_WEAK = YES;
				CLANG_WARN_BLOCK_CAPTURE_AUTORELEASING = YES;
				CLANG_WARN_BOOL_CONVERSION = YES;
				CLANG_WARN_COMMA = YES;
				CLANG_WARN_CONSTANT_CONVERSION = YES;
				CLANG_WARN_DEPRECATED_OBJC_IMPLEMENTATIONS = YES;
				CLANG_WARN_DIRECT_OBJC_ISA_USAGE = YES_ERROR;
				CLANG_WARN_DOCUMENTATION_COMMENTS = YES;
				CLANG_WARN_EMPTY_BODY = YES;
				CLANG_WARN_ENUM_CONVERSION = YES;
				CLANG_WARN_INFINITE_RECURSION = YES;
				CLANG_WARN_INT_CONVERSION = YES;
				CLANG_WARN_NON_LITERAL_NULL_CONVERSION = YES;
				CLANG_WARN_OBJC_IMPLICIT_RETAIN_SELF = YES;
				CLANG_WARN_OBJC_LITERAL_CONVERSION = YES;
				CLANG_WARN_OBJC_ROOT_CLASS = YES_ERROR;
				CLANG_WARN_QUOTED_INCLUDE_IN_FRAMEWORK_HEADER = YES;
				CLANG_WARN_RANGE_LOOP_ANALYSIS = YES;
				CLANG_WARN_STRICT_PROTOTYPES = YES;
				CLANG_WARN_SUSPICIOUS_MOVE = YES;
				CLANG_WARN_UNGUARDED_AVAILABILITY = YES_AGGRESSIVE;
				CLANG_WARN_UNREACHABLE_CODE = YES;
				CLANG_WARN__DUPLICATE_METHOD_MATCH = YES;
				COPY_PHASE_STRIP = NO;
				DEBUG_INFORMATION_FORMAT = dwarf;
				ENABLE_STRICT_OBJC_MSGSEND = YES;
				ENABLE_TESTABILITY = YES;
				GCC_C_LANGUAGE_STANDARD = gnu11;
				GCC_DYNAMIC_NO_PIC = NO;
				GCC_NO_COMMON_BLOCKS = YES;
				GCC_OPTIMIZATION_LEVEL = 0;
				GCC_PREPROCESSOR_DEFINITIONS = (
					"DEBUG=1",
					"$(inherited)",
				);
				GCC_WARN_64_TO_32_BIT_CONVERSION = YES;
				GCC_WARN_ABOUT_RETURN_TYPE = YES_ERROR;
				GCC_WARN_UNDECLARED_SELECTOR = YES;
				GCC_WARN_UNINITIALIZED_AUTOS = YES_AGGRESSIVE;
				GCC_WARN_UNUSED_FUNCTION = YES;
				GCC_WARN_UNUSED_VARIABLE = YES;
				IPHONEOS_DEPLOYMENT_TARGET = 16.0;
				MTL_ENABLE_DEBUG_INFO = INCLUDE_SOURCE;
				MTL_FAST_MATH = YES;
				ONLY_ACTIVE_ARCH = YES;
				SDKROOT = iphoneos;
				SWIFT_ACTIVE_COMPILATION_CONDITIONS = DEBUG;
				SWIFT_OPTIMIZATION_LEVEL = "-Onone";
			};
			name = Debug;
		};
		E17B65FD2991F9060081E228 /* Release */ = {
			isa = XCBuildConfiguration;
			buildSettings = {
				ALWAYS_SEARCH_USER_PATHS = NO;
				CLANG_ANALYZER_NONNULL = YES;
				CLANG_ANALYZER_NUMBER_OBJECT_CONVERSION = YES_AGGRESSIVE;
				CLANG_CXX_LANGUAGE_STANDARD = "gnu++20";
				CLANG_ENABLE_MODULES = YES;
				CLANG_ENABLE_OBJC_ARC = YES;
				CLANG_ENABLE_OBJC_WEAK = YES;
				CLANG_WARN_BLOCK_CAPTURE_AUTORELEASING = YES;
				CLANG_WARN_BOOL_CONVERSION = YES;
				CLANG_WARN_COMMA = YES;
				CLANG_WARN_CONSTANT_CONVERSION = YES;
				CLANG_WARN_DEPRECATED_OBJC_IMPLEMENTATIONS = YES;
				CLANG_WARN_DIRECT_OBJC_ISA_USAGE = YES_ERROR;
				CLANG_WARN_DOCUMENTATION_COMMENTS = YES;
				CLANG_WARN_EMPTY_BODY = YES;
				CLANG_WARN_ENUM_CONVERSION = YES;
				CLANG_WARN_INFINITE_RECURSION = YES;
				CLANG_WARN_INT_CONVERSION = YES;
				CLANG_WARN_NON_LITERAL_NULL_CONVERSION = YES;
				CLANG_WARN_OBJC_IMPLICIT_RETAIN_SELF = YES;
				CLANG_WARN_OBJC_LITERAL_CONVERSION = YES;
				CLANG_WARN_OBJC_ROOT_CLASS = YES_ERROR;
				CLANG_WARN_QUOTED_INCLUDE_IN_FRAMEWORK_HEADER = YES;
				CLANG_WARN_RANGE_LOOP_ANALYSIS = YES;
				CLANG_WARN_STRICT_PROTOTYPES = YES;
				CLANG_WARN_SUSPICIOUS_MOVE = YES;
				CLANG_WARN_UNGUARDED_AVAILABILITY = YES_AGGRESSIVE;
				CLANG_WARN_UNREACHABLE_CODE = YES;
				CLANG_WARN__DUPLICATE_METHOD_MATCH = YES;
				COPY_PHASE_STRIP = NO;
				DEBUG_INFORMATION_FORMAT = "dwarf-with-dsym";
				ENABLE_NS_ASSERTIONS = NO;
				ENABLE_STRICT_OBJC_MSGSEND = YES;
				GCC_C_LANGUAGE_STANDARD = gnu11;
				GCC_NO_COMMON_BLOCKS = YES;
				GCC_WARN_64_TO_32_BIT_CONVERSION = YES;
				GCC_WARN_ABOUT_RETURN_TYPE = YES_ERROR;
				GCC_WARN_UNDECLARED_SELECTOR = YES;
				GCC_WARN_UNINITIALIZED_AUTOS = YES_AGGRESSIVE;
				GCC_WARN_UNUSED_FUNCTION = YES;
				GCC_WARN_UNUSED_VARIABLE = YES;
				IPHONEOS_DEPLOYMENT_TARGET = 16.0;
				MTL_ENABLE_DEBUG_INFO = NO;
				MTL_FAST_MATH = YES;
				SDKROOT = iphoneos;
				SWIFT_COMPILATION_MODE = wholemodule;
				SWIFT_OPTIMIZATION_LEVEL = "-O";
				VALIDATE_PRODUCT = YES;
			};
			name = Release;
		};
		E17B65FF2991F9060081E228 /* Debug */ = {
			isa = XCBuildConfiguration;
			buildSettings = {
				ALWAYS_EMBED_SWIFT_STANDARD_LIBRARIES = YES;
				ASSETCATALOG_COMPILER_APPICON_NAME = AppIcon;
				ASSETCATALOG_COMPILER_GLOBAL_ACCENT_COLOR_NAME = AccentColor;
				CODE_SIGN_STYLE = Automatic;
				CURRENT_PROJECT_VERSION = 1;
				GENERATE_INFOPLIST_FILE = YES;
				INFOPLIST_FILE = Argyle/Info.plist;
				INFOPLIST_KEY_CFBundleDisplayName = "Argyle Test";
				INFOPLIST_KEY_UIApplicationSupportsIndirectInputEvents = YES;
				INFOPLIST_KEY_UILaunchStoryboardName = LaunchScreen;
				INFOPLIST_KEY_UISupportedInterfaceOrientations = UIInterfaceOrientationPortrait;
				INFOPLIST_KEY_UISupportedInterfaceOrientations_iPad = "UIInterfaceOrientationLandscapeLeft UIInterfaceOrientationLandscapeRight UIInterfaceOrientationPortrait UIInterfaceOrientationPortraitUpsideDown";
				IPHONEOS_DEPLOYMENT_TARGET = 16.0;
				LD_RUNPATH_SEARCH_PATHS = (
					"$(inherited)",
					"@executable_path/Frameworks",
				);
				MARKETING_VERSION = 1.0;
				PRODUCT_BUNDLE_IDENTIFIER = com.gabriel.mocelin.Argyle;
				PRODUCT_NAME = "$(TARGET_NAME)";
				SWIFT_EMIT_LOC_STRINGS = YES;
				SWIFT_VERSION = 5.0;
				TARGETED_DEVICE_FAMILY = "1,2";
			};
			name = Debug;
		};
		E17B66002991F9060081E228 /* Release */ = {
			isa = XCBuildConfiguration;
			buildSettings = {
				ALWAYS_EMBED_SWIFT_STANDARD_LIBRARIES = YES;
				ASSETCATALOG_COMPILER_APPICON_NAME = AppIcon;
				ASSETCATALOG_COMPILER_GLOBAL_ACCENT_COLOR_NAME = AccentColor;
				CODE_SIGN_STYLE = Automatic;
				CURRENT_PROJECT_VERSION = 1;
				GENERATE_INFOPLIST_FILE = YES;
				INFOPLIST_FILE = Argyle/Info.plist;
				INFOPLIST_KEY_CFBundleDisplayName = "Argyle Test";
				INFOPLIST_KEY_UIApplicationSupportsIndirectInputEvents = YES;
				INFOPLIST_KEY_UILaunchStoryboardName = LaunchScreen;
				INFOPLIST_KEY_UISupportedInterfaceOrientations = UIInterfaceOrientationPortrait;
				INFOPLIST_KEY_UISupportedInterfaceOrientations_iPad = "UIInterfaceOrientationLandscapeLeft UIInterfaceOrientationLandscapeRight UIInterfaceOrientationPortrait UIInterfaceOrientationPortraitUpsideDown";
				IPHONEOS_DEPLOYMENT_TARGET = 16.0;
				LD_RUNPATH_SEARCH_PATHS = (
					"$(inherited)",
					"@executable_path/Frameworks",
				);
				MARKETING_VERSION = 1.0;
				PRODUCT_BUNDLE_IDENTIFIER = com.gabriel.mocelin.Argyle;
				PRODUCT_NAME = "$(TARGET_NAME)";
				SWIFT_EMIT_LOC_STRINGS = YES;
				SWIFT_VERSION = 5.0;
				TARGETED_DEVICE_FAMILY = "1,2";
			};
			name = Release;
		};
		E1A22D2029944CD400719812 /* Debug */ = {
			isa = XCBuildConfiguration;
			buildSettings = {
				CODE_SIGN_STYLE = Automatic;
				CURRENT_PROJECT_VERSION = 1;
				DEFINES_MODULE = YES;
				DYLIB_COMPATIBILITY_VERSION = 1;
				DYLIB_CURRENT_VERSION = 1;
				DYLIB_INSTALL_NAME_BASE = "@rpath";
				GENERATE_INFOPLIST_FILE = YES;
				INFOPLIST_KEY_NSHumanReadableCopyright = "";
				INSTALL_PATH = "$(LOCAL_LIBRARY_DIR)/Frameworks";
				IPHONEOS_DEPLOYMENT_TARGET = 16.0;
				LD_RUNPATH_SEARCH_PATHS = (
					"$(inherited)",
					"@executable_path/Frameworks",
					"@loader_path/Frameworks",
				);
				MARKETING_VERSION = 1.0;
				PRODUCT_BUNDLE_IDENTIFIER = com.gabriel.mocelin.ArgyleSDK;
				PRODUCT_NAME = "$(TARGET_NAME:c99extidentifier)";
				SKIP_INSTALL = YES;
				SWIFT_EMIT_LOC_STRINGS = YES;
				SWIFT_VERSION = 5.0;
				TARGETED_DEVICE_FAMILY = "1,2";
				VERSIONING_SYSTEM = "apple-generic";
				VERSION_INFO_PREFIX = "";
			};
			name = Debug;
		};
		E1A22D2129944CD400719812 /* Release */ = {
			isa = XCBuildConfiguration;
			buildSettings = {
				CODE_SIGN_STYLE = Automatic;
				CURRENT_PROJECT_VERSION = 1;
				DEFINES_MODULE = YES;
				DYLIB_COMPATIBILITY_VERSION = 1;
				DYLIB_CURRENT_VERSION = 1;
				DYLIB_INSTALL_NAME_BASE = "@rpath";
				GENERATE_INFOPLIST_FILE = YES;
				INFOPLIST_KEY_NSHumanReadableCopyright = "";
				INSTALL_PATH = "$(LOCAL_LIBRARY_DIR)/Frameworks";
				IPHONEOS_DEPLOYMENT_TARGET = 16.0;
				LD_RUNPATH_SEARCH_PATHS = (
					"$(inherited)",
					"@executable_path/Frameworks",
					"@loader_path/Frameworks",
				);
				MARKETING_VERSION = 1.0;
				PRODUCT_BUNDLE_IDENTIFIER = com.gabriel.mocelin.ArgyleSDK;
				PRODUCT_NAME = "$(TARGET_NAME:c99extidentifier)";
				SKIP_INSTALL = YES;
				SWIFT_EMIT_LOC_STRINGS = YES;
				SWIFT_VERSION = 5.0;
				TARGETED_DEVICE_FAMILY = "1,2";
				VERSIONING_SYSTEM = "apple-generic";
				VERSION_INFO_PREFIX = "";
			};
			name = Release;
		};
		E1A22D2229944CD400719812 /* Debug */ = {
			isa = XCBuildConfiguration;
			buildSettings = {
				ALWAYS_EMBED_SWIFT_STANDARD_LIBRARIES = YES;
				CODE_SIGN_STYLE = Automatic;
				CURRENT_PROJECT_VERSION = 1;
				GENERATE_INFOPLIST_FILE = YES;
				IPHONEOS_DEPLOYMENT_TARGET = 16.2;
				MARKETING_VERSION = 1.0;
				PRODUCT_BUNDLE_IDENTIFIER = com.gabriel.mocelin.ArgyleSDKTests;
				PRODUCT_NAME = "$(TARGET_NAME)";
				SWIFT_EMIT_LOC_STRINGS = NO;
				SWIFT_VERSION = 5.0;
				TARGETED_DEVICE_FAMILY = "1,2";
				TEST_HOST = "$(BUILT_PRODUCTS_DIR)/Argyle.app/$(BUNDLE_EXECUTABLE_FOLDER_PATH)/Argyle";
			};
			name = Debug;
		};
		E1A22D2329944CD400719812 /* Release */ = {
			isa = XCBuildConfiguration;
			buildSettings = {
				ALWAYS_EMBED_SWIFT_STANDARD_LIBRARIES = YES;
				CODE_SIGN_STYLE = Automatic;
				CURRENT_PROJECT_VERSION = 1;
				GENERATE_INFOPLIST_FILE = YES;
				IPHONEOS_DEPLOYMENT_TARGET = 16.2;
				MARKETING_VERSION = 1.0;
				PRODUCT_BUNDLE_IDENTIFIER = com.gabriel.mocelin.ArgyleSDKTests;
				PRODUCT_NAME = "$(TARGET_NAME)";
				SWIFT_EMIT_LOC_STRINGS = NO;
				SWIFT_VERSION = 5.0;
				TARGETED_DEVICE_FAMILY = "1,2";
				TEST_HOST = "$(BUILT_PRODUCTS_DIR)/Argyle.app/$(BUNDLE_EXECUTABLE_FOLDER_PATH)/Argyle";
			};
			name = Release;
		};
/* End XCBuildConfiguration section */

/* Begin XCConfigurationList section */
		E17B65CF2991F9040081E228 /* Build configuration list for PBXProject "Argyle" */ = {
			isa = XCConfigurationList;
			buildConfigurations = (
				E17B65FC2991F9060081E228 /* Debug */,
				E17B65FD2991F9060081E228 /* Release */,
			);
			defaultConfigurationIsVisible = 0;
			defaultConfigurationName = Release;
		};
		E17B65FE2991F9060081E228 /* Build configuration list for PBXNativeTarget "Argyle" */ = {
			isa = XCConfigurationList;
			buildConfigurations = (
				E17B65FF2991F9060081E228 /* Debug */,
				E17B66002991F9060081E228 /* Release */,
			);
			defaultConfigurationIsVisible = 0;
			defaultConfigurationName = Release;
		};
		E1A22D2429944CD400719812 /* Build configuration list for PBXNativeTarget "ArgyleSDK" */ = {
			isa = XCConfigurationList;
			buildConfigurations = (
				E1A22D2029944CD400719812 /* Debug */,
				E1A22D2129944CD400719812 /* Release */,
			);
			defaultConfigurationIsVisible = 0;
			defaultConfigurationName = Release;
		};
		E1A22D2529944CD400719812 /* Build configuration list for PBXNativeTarget "ArgyleSDKTests" */ = {
			isa = XCConfigurationList;
			buildConfigurations = (
				E1A22D2229944CD400719812 /* Debug */,
				E1A22D2329944CD400719812 /* Release */,
			);
			defaultConfigurationIsVisible = 0;
			defaultConfigurationName = Release;
		};
/* End XCConfigurationList section */
	};
	rootObject = E17B65CC2991F9040081E228 /* Project object */;
}
